Microsoft Visual Studio Solution File, Format Version 12.00
# Visual Studio Version 17
VisualStudioVersion = 17.8.34309.116
MinimumVisualStudioVersion = 10.0.40219.1
Project("{9A19103F-16F7-4668-BE54-9A1E7A4F7556}") = "Noskito.Login", "src\Noskito.Login\Noskito.Login.csproj", "{3B9E61A0-5A5E-4EA6-B2AC-5D6D20BA6F10}"
EndProject
Project("{9A19103F-16F7-4668-BE54-9A1E7A4F7556}") = "Noskito.World", "src\Noskito.World\Noskito.World.csproj", "{0AF4E299-CDE1-41A7-B6C3-F5E11CBBE58F}"
EndProject
Project("{9A19103F-16F7-4668-BE54-9A1E7A4F7556}") = "Noskito.Common", "src\Noskito.Common\Noskito.Common.csproj", "{7BB15455-F80B-4691-8F86-F2F74CAEC300}"
EndProject
Project("{9A19103F-16F7-4668-BE54-9A1E7A4F7556}") = "Noskito.Database", "src\Noskito.Database\Noskito.Database.csproj", "{57550F3C-2C17-43EB-85D1-CF5381FE0B72}"
EndProject
Project("{2150E333-8FDC-42A3-9474-1A3956D46DE8}") = "src", "src", "{E5A11A2C-9D0C-458F-999F-B830A4BDE7C3}"
EndProject
Project("{2150E333-8FDC-42A3-9474-1A3956D46DE8}") = "tests", "tests", "{56415ED2-7B66-48C2-B7E7-2E7AFB52CA31}"
EndProject
Project("{2150E333-8FDC-42A3-9474-1A3956D46DE8}") = "scripts", "scripts", "{FA9D0477-66B9-4A20-AD5C-63EAB906E6F3}"
	ProjectSection(SolutionItems) = preProject
		scripts\cluster.bat = scripts\cluster.bat
		docker-compose.yml = docker-compose.yml
		scripts\docker.bat = scripts\docker.bat
		scripts\login.bat = scripts\login.bat
		scripts\start.bat = scripts\start.bat
		scripts\world.bat = scripts\world.bat
	EndProjectSection
EndProject
Project("{9A19103F-16F7-4668-BE54-9A1E7A4F7556}") = "Noskito.Enum", "src\Noskito.Enum\Noskito.Enum.csproj", "{3F0D45D5-EC5E-4867-8CB7-567023E556D1}"
EndProject
Project("{9A19103F-16F7-4668-BE54-9A1E7A4F7556}") = "Noskito.Communication", "src\Noskito.Communication\Noskito.Communication.csproj", "{1325A6E3-F647-4265-A4F8-C1DC6CC69C94}"
EndProject
Project("{2150E333-8FDC-42A3-9474-1A3956D46DE8}") = "Communication", "Communication", "{8AACD0B7-D119-4357-B32C-1AF1C59C04C2}"
EndProject
Project("{9A19103F-16F7-4668-BE54-9A1E7A4F7556}") = "Noskito.Communication.Rpc", "src\Noskito.Communication.Rpc\Noskito.Communication.Rpc.csproj", "{E923A174-D06A-4D89-A3AD-9625ADF889EB}"
EndProject
Project("{9A19103F-16F7-4668-BE54-9A1E7A4F7556}") = "Noskito.Cluster", "src\Noskito.Cluster\Noskito.Cluster.csproj", "{F32C5E67-8593-40E7-AF2E-8ECEEA936225}"
EndProject
Project("{2150E333-8FDC-42A3-9474-1A3956D46DE8}") = "App", "App", "{BFE424D3-3954-4B01-9FCA-5534B13084B0}"
EndProject
Project("{9A19103F-16F7-4668-BE54-9A1E7A4F7556}") = "Noskito.Toolkit", "src\Noskito.Toolkit\Noskito.Toolkit.csproj", "{906F4F95-EEC2-4B8D-8ECF-51DD3C2CAC10}"
EndProject
Project("{2150E333-8FDC-42A3-9474-1A3956D46DE8}") = "docs", "docs", "{4F5744B4-EBF4-4093-8E5F-48B382B949A7}"
	ProjectSection(SolutionItems) = preProject
		docs\Monster.md = docs\Monster.md
	EndProjectSection
EndProject
Project("{2150E333-8FDC-42A3-9474-1A3956D46DE8}") = "Modules", "Modules", "{C190DD54-4194-4CCB-B006-107BB4D9A2B1}"
EndProject
Project("{9A19103F-16F7-4668-BE54-9A1E7A4F7556}") = "Noskito.Modules", "src\Noskito.Modules\Noskito.Modules.csproj", "{9C512C89-578D-45B6-8143-6F48DFD2F8FE}"
EndProject
Project("{9A19103F-16F7-4668-BE54-9A1E7A4F7556}") = "Noskito.Logging", "src\Noskito.Logging\Noskito.Logging.csproj", "{BDE4B7F9-0542-427B-99C6-316A06B4F6F8}"
EndProject
Project("{9A19103F-16F7-4668-BE54-9A1E7A4F7556}") = "DataLoader.Module", "src\Modules\DataLoaderModule\DataLoader.Module.csproj", "{54DD1682-D61C-4CB5-B4BC-9028B8AF691A}"
EndProject
Global
	GlobalSection(SolutionConfigurationPlatforms) = preSolution
		Debug|Any CPU = Debug|Any CPU
		Release|Any CPU = Release|Any CPU
	EndGlobalSection
	GlobalSection(ProjectConfigurationPlatforms) = postSolution
		{3B9E61A0-5A5E-4EA6-B2AC-5D6D20BA6F10}.Debug|Any CPU.ActiveCfg = Debug|Any CPU
		{3B9E61A0-5A5E-4EA6-B2AC-5D6D20BA6F10}.Debug|Any CPU.Build.0 = Debug|Any CPU
		{3B9E61A0-5A5E-4EA6-B2AC-5D6D20BA6F10}.Release|Any CPU.ActiveCfg = Release|Any CPU
		{3B9E61A0-5A5E-4EA6-B2AC-5D6D20BA6F10}.Release|Any CPU.Build.0 = Release|Any CPU
		{0AF4E299-CDE1-41A7-B6C3-F5E11CBBE58F}.Debug|Any CPU.ActiveCfg = Debug|Any CPU
		{0AF4E299-CDE1-41A7-B6C3-F5E11CBBE58F}.Debug|Any CPU.Build.0 = Debug|Any CPU
		{0AF4E299-CDE1-41A7-B6C3-F5E11CBBE58F}.Release|Any CPU.ActiveCfg = Release|Any CPU
		{0AF4E299-CDE1-41A7-B6C3-F5E11CBBE58F}.Release|Any CPU.Build.0 = Release|Any CPU
		{7BB15455-F80B-4691-8F86-F2F74CAEC300}.Debug|Any CPU.ActiveCfg = Debug|Any CPU
		{7BB15455-F80B-4691-8F86-F2F74CAEC300}.Debug|Any CPU.Build.0 = Debug|Any CPU
		{7BB15455-F80B-4691-8F86-F2F74CAEC300}.Release|Any CPU.ActiveCfg = Release|Any CPU
		{7BB15455-F80B-4691-8F86-F2F74CAEC300}.Release|Any CPU.Build.0 = Release|Any CPU
		{57550F3C-2C17-43EB-85D1-CF5381FE0B72}.Debug|Any CPU.ActiveCfg = Debug|Any CPU
		{57550F3C-2C17-43EB-85D1-CF5381FE0B72}.Debug|Any CPU.Build.0 = Debug|Any CPU
		{57550F3C-2C17-43EB-85D1-CF5381FE0B72}.Release|Any CPU.ActiveCfg = Release|Any CPU
		{57550F3C-2C17-43EB-85D1-CF5381FE0B72}.Release|Any CPU.Build.0 = Release|Any CPU
		{3F0D45D5-EC5E-4867-8CB7-567023E556D1}.Debug|Any CPU.ActiveCfg = Debug|Any CPU
		{3F0D45D5-EC5E-4867-8CB7-567023E556D1}.Debug|Any CPU.Build.0 = Debug|Any CPU
		{3F0D45D5-EC5E-4867-8CB7-567023E556D1}.Release|Any CPU.ActiveCfg = Release|Any CPU
		{3F0D45D5-EC5E-4867-8CB7-567023E556D1}.Release|Any CPU.Build.0 = Release|Any CPU
		{1325A6E3-F647-4265-A4F8-C1DC6CC69C94}.Debug|Any CPU.ActiveCfg = Debug|Any CPU
		{1325A6E3-F647-4265-A4F8-C1DC6CC69C94}.Debug|Any CPU.Build.0 = Debug|Any CPU
		{1325A6E3-F647-4265-A4F8-C1DC6CC69C94}.Release|Any CPU.ActiveCfg = Release|Any CPU
		{1325A6E3-F647-4265-A4F8-C1DC6CC69C94}.Release|Any CPU.Build.0 = Release|Any CPU
		{E923A174-D06A-4D89-A3AD-9625ADF889EB}.Debug|Any CPU.ActiveCfg = Debug|Any CPU
		{E923A174-D06A-4D89-A3AD-9625ADF889EB}.Debug|Any CPU.Build.0 = Debug|Any CPU
		{E923A174-D06A-4D89-A3AD-9625ADF889EB}.Release|Any CPU.ActiveCfg = Release|Any CPU
		{E923A174-D06A-4D89-A3AD-9625ADF889EB}.Release|Any CPU.Build.0 = Release|Any CPU
		{F32C5E67-8593-40E7-AF2E-8ECEEA936225}.Debug|Any CPU.ActiveCfg = Debug|Any CPU
		{F32C5E67-8593-40E7-AF2E-8ECEEA936225}.Debug|Any CPU.Build.0 = Debug|Any CPU
		{F32C5E67-8593-40E7-AF2E-8ECEEA936225}.Release|Any CPU.ActiveCfg = Release|Any CPU
		{F32C5E67-8593-40E7-AF2E-8ECEEA936225}.Release|Any CPU.Build.0 = Release|Any CPU
		{906F4F95-EEC2-4B8D-8ECF-51DD3C2CAC10}.Debug|Any CPU.ActiveCfg = Debug|Any CPU
		{906F4F95-EEC2-4B8D-8ECF-51DD3C2CAC10}.Debug|Any CPU.Build.0 = Debug|Any CPU
		{906F4F95-EEC2-4B8D-8ECF-51DD3C2CAC10}.Release|Any CPU.ActiveCfg = Release|Any CPU
		{906F4F95-EEC2-4B8D-8ECF-51DD3C2CAC10}.Release|Any CPU.Build.0 = Release|Any CPU
		{9C512C89-578D-45B6-8143-6F48DFD2F8FE}.Debug|Any CPU.ActiveCfg = Debug|Any CPU
		{9C512C89-578D-45B6-8143-6F48DFD2F8FE}.Debug|Any CPU.Build.0 = Debug|Any CPU
		{9C512C89-578D-45B6-8143-6F48DFD2F8FE}.Release|Any CPU.ActiveCfg = Release|Any CPU
		{9C512C89-578D-45B6-8143-6F48DFD2F8FE}.Release|Any CPU.Build.0 = Release|Any CPU
		{BDE4B7F9-0542-427B-99C6-316A06B4F6F8}.Debug|Any CPU.ActiveCfg = Debug|Any CPU
		{BDE4B7F9-0542-427B-99C6-316A06B4F6F8}.Debug|Any CPU.Build.0 = Debug|Any CPU
		{BDE4B7F9-0542-427B-99C6-316A06B4F6F8}.Release|Any CPU.ActiveCfg = Release|Any CPU
		{BDE4B7F9-0542-427B-99C6-316A06B4F6F8}.Release|Any CPU.Build.0 = Release|Any CPU
		{54DD1682-D61C-4CB5-B4BC-9028B8AF691A}.Debug|Any CPU.ActiveCfg = Debug|Any CPU
		{54DD1682-D61C-4CB5-B4BC-9028B8AF691A}.Debug|Any CPU.Build.0 = Debug|Any CPU
		{54DD1682-D61C-4CB5-B4BC-9028B8AF691A}.Release|Any CPU.ActiveCfg = Release|Any CPU
		{54DD1682-D61C-4CB5-B4BC-9028B8AF691A}.Release|Any CPU.Build.0 = Release|Any CPU
	EndGlobalSection
	GlobalSection(SolutionProperties) = preSolution
		HideSolutionNode = FALSE
	EndGlobalSection
	GlobalSection(NestedProjects) = preSolution
		{3B9E61A0-5A5E-4EA6-B2AC-5D6D20BA6F10} = {BFE424D3-3954-4B01-9FCA-5534B13084B0}
		{0AF4E299-CDE1-41A7-B6C3-F5E11CBBE58F} = {BFE424D3-3954-4B01-9FCA-5534B13084B0}
		{7BB15455-F80B-4691-8F86-F2F74CAEC300} = {E5A11A2C-9D0C-458F-999F-B830A4BDE7C3}
		{57550F3C-2C17-43EB-85D1-CF5381FE0B72} = {E5A11A2C-9D0C-458F-999F-B830A4BDE7C3}
		{3F0D45D5-EC5E-4867-8CB7-567023E556D1} = {E5A11A2C-9D0C-458F-999F-B830A4BDE7C3}
		{1325A6E3-F647-4265-A4F8-C1DC6CC69C94} = {8AACD0B7-D119-4357-B32C-1AF1C59C04C2}
		{8AACD0B7-D119-4357-B32C-1AF1C59C04C2} = {E5A11A2C-9D0C-458F-999F-B830A4BDE7C3}
		{E923A174-D06A-4D89-A3AD-9625ADF889EB} = {8AACD0B7-D119-4357-B32C-1AF1C59C04C2}
		{F32C5E67-8593-40E7-AF2E-8ECEEA936225} = {BFE424D3-3954-4B01-9FCA-5534B13084B0}
		{BFE424D3-3954-4B01-9FCA-5534B13084B0} = {E5A11A2C-9D0C-458F-999F-B830A4BDE7C3}
		{906F4F95-EEC2-4B8D-8ECF-51DD3C2CAC10} = {BFE424D3-3954-4B01-9FCA-5534B13084B0}
		{C190DD54-4194-4CCB-B006-107BB4D9A2B1} = {E5A11A2C-9D0C-458F-999F-B830A4BDE7C3}
		{9C512C89-578D-45B6-8143-6F48DFD2F8FE} = {E5A11A2C-9D0C-458F-999F-B830A4BDE7C3}
		{BDE4B7F9-0542-427B-99C6-316A06B4F6F8} = {E5A11A2C-9D0C-458F-999F-B830A4BDE7C3}
		{54DD1682-D61C-4CB5-B4BC-9028B8AF691A} = {C190DD54-4194-4CCB-B006-107BB4D9A2B1}
	EndGlobalSection
	GlobalSection(ExtensibilityGlobals) = postSolution
		SolutionGuid = {AA24CA6A-859F-46CF-866E-8D98E272C9F1}
	EndGlobalSection
EndGlobal
